// !$*UTF8*$!
{
	archiveVersion = 1;
	classes = {
	};
	objectVersion = 55;
	objects = {

/* Begin PBXBuildFile section */
		1A95DD8D2996496000526975 /* AddViewController.swift in Sources */ = {isa = PBXBuildFile; fileRef = 1A95DD8C2996496000526975 /* AddViewController.swift */; };
		1A95DD92299A093900526975 /* AddTextField.swift in Sources */ = {isa = PBXBuildFile; fileRef = 1A95DD91299A093900526975 /* AddTextField.swift */; };
		1A95DD9429A200E700526975 /* LimitTextField.swift in Sources */ = {isa = PBXBuildFile; fileRef = 1A95DD9329A200E700526975 /* LimitTextField.swift */; };
		1A95DD9629A2039D00526975 /* LimitToolBar.swift in Sources */ = {isa = PBXBuildFile; fileRef = 1A95DD9529A2039D00526975 /* LimitToolBar.swift */; };
		1A95DD9829A63CCC00526975 /* UIBarButtonItem-Extension.swift in Sources */ = {isa = PBXBuildFile; fileRef = 1A95DD9729A63CCC00526975 /* UIBarButtonItem-Extension.swift */; };
		1A95DD9A29A656E800526975 /* UIButton-Extension.swift in Sources */ = {isa = PBXBuildFile; fileRef = 1A95DD9929A656E800526975 /* UIButton-Extension.swift */; };
		1A95DD9C29A66C7100526975 /* UITextField-Extension.swift in Sources */ = {isa = PBXBuildFile; fileRef = 1A95DD9B29A66C7100526975 /* UITextField-Extension.swift */; };
		1A95DD9F29A7B90E00526975 /* HorizontalPanGestureRecognizer.swift in Sources */ = {isa = PBXBuildFile; fileRef = 1A95DD9E29A7B90E00526975 /* HorizontalPanGestureRecognizer.swift */; };
		1A95DDA329AAC11D00526975 /* SwipeButton.swift in Sources */ = {isa = PBXBuildFile; fileRef = 1A95DDA229AAC11D00526975 /* SwipeButton.swift */; };
		1A95DDA529ABE56900526975 /* Date-Extension.swift in Sources */ = {isa = PBXBuildFile; fileRef = 1A95DDA429ABE56900526975 /* Date-Extension.swift */; };
		1A95DDA929B097A500526975 /* UITableView-Extension.swift in Sources */ = {isa = PBXBuildFile; fileRef = 1A95DDA829B097A500526975 /* UITableView-Extension.swift */; };
		1A9B3FC02994EE07009D5B6C /* Task.swift in Sources */ = {isa = PBXBuildFile; fileRef = 1A9B3FBF2994EE06009D5B6C /* Task.swift */; };
		1AAD3D59295DC2D80059B107 /* Realm in Frameworks */ = {isa = PBXBuildFile; productRef = 1AAD3D58295DC2D80059B107 /* Realm */; };
		1AAD3D5B295DC2D80059B107 /* RealmSwift in Frameworks */ = {isa = PBXBuildFile; productRef = 1AAD3D5A295DC2D80059B107 /* RealmSwift */; };
		1AB015892900360600F7413F /* UIView-Extension.swift in Sources */ = {isa = PBXBuildFile; fileRef = 1AB015882900360600F7413F /* UIView-Extension.swift */; };
		1AB0158F291373C700F7413F /* TaskTableViewCell.swift in Sources */ = {isa = PBXBuildFile; fileRef = 1AB0158E291373C700F7413F /* TaskTableViewCell.swift */; };
		1AB077CC28DC05B600660B41 /* AppDelegate.swift in Sources */ = {isa = PBXBuildFile; fileRef = 1AB077CB28DC05B600660B41 /* AppDelegate.swift */; };
		1AB077CE28DC05B600660B41 /* SceneDelegate.swift in Sources */ = {isa = PBXBuildFile; fileRef = 1AB077CD28DC05B600660B41 /* SceneDelegate.swift */; };
		1AB077D528DC05BB00660B41 /* Assets.xcassets in Resources */ = {isa = PBXBuildFile; fileRef = 1AB077D428DC05BB00660B41 /* Assets.xcassets */; };
		1AB077D828DC05BB00660B41 /* LaunchScreen.storyboard in Resources */ = {isa = PBXBuildFile; fileRef = 1AB077D628DC05BB00660B41 /* LaunchScreen.storyboard */; };
		1AB077E128DC067800660B41 /* HomeViewController.swift in Sources */ = {isa = PBXBuildFile; fileRef = 1AB077E028DC067800660B41 /* HomeViewController.swift */; };
/* End PBXBuildFile section */

/* Begin PBXFileReference section */
		1A95DD8C2996496000526975 /* AddViewController.swift */ = {isa = PBXFileReference; lastKnownFileType = sourcecode.swift; path = AddViewController.swift; sourceTree = "<group>"; };
		1A95DD91299A093900526975 /* AddTextField.swift */ = {isa = PBXFileReference; lastKnownFileType = sourcecode.swift; path = AddTextField.swift; sourceTree = "<group>"; };
		1A95DD9329A200E700526975 /* LimitTextField.swift */ = {isa = PBXFileReference; lastKnownFileType = sourcecode.swift; path = LimitTextField.swift; sourceTree = "<group>"; };
		1A95DD9529A2039D00526975 /* LimitToolBar.swift */ = {isa = PBXFileReference; lastKnownFileType = sourcecode.swift; path = LimitToolBar.swift; sourceTree = "<group>"; };
		1A95DD9729A63CCC00526975 /* UIBarButtonItem-Extension.swift */ = {isa = PBXFileReference; lastKnownFileType = sourcecode.swift; path = "UIBarButtonItem-Extension.swift"; sourceTree = "<group>"; };
		1A95DD9929A656E800526975 /* UIButton-Extension.swift */ = {isa = PBXFileReference; lastKnownFileType = sourcecode.swift; path = "UIButton-Extension.swift"; sourceTree = "<group>"; };
		1A95DD9B29A66C7100526975 /* UITextField-Extension.swift */ = {isa = PBXFileReference; lastKnownFileType = sourcecode.swift; path = "UITextField-Extension.swift"; sourceTree = "<group>"; };
		1A95DD9E29A7B90E00526975 /* HorizontalPanGestureRecognizer.swift */ = {isa = PBXFileReference; lastKnownFileType = sourcecode.swift; path = HorizontalPanGestureRecognizer.swift; sourceTree = "<group>"; };
		1A95DDA229AAC11D00526975 /* SwipeButton.swift */ = {isa = PBXFileReference; lastKnownFileType = sourcecode.swift; path = SwipeButton.swift; sourceTree = "<group>"; };
		1A95DDA429ABE56900526975 /* Date-Extension.swift */ = {isa = PBXFileReference; lastKnownFileType = sourcecode.swift; path = "Date-Extension.swift"; sourceTree = "<group>"; };
		1A95DDA829B097A500526975 /* UITableView-Extension.swift */ = {isa = PBXFileReference; lastKnownFileType = sourcecode.swift; path = "UITableView-Extension.swift"; sourceTree = "<group>"; };
		1A9B3FBF2994EE06009D5B6C /* Task.swift */ = {isa = PBXFileReference; lastKnownFileType = sourcecode.swift; path = Task.swift; sourceTree = "<group>"; };
		1AB015882900360600F7413F /* UIView-Extension.swift */ = {isa = PBXFileReference; lastKnownFileType = sourcecode.swift; path = "UIView-Extension.swift"; sourceTree = "<group>"; };
		1AB0158E291373C700F7413F /* TaskTableViewCell.swift */ = {isa = PBXFileReference; lastKnownFileType = sourcecode.swift; path = TaskTableViewCell.swift; sourceTree = "<group>"; };
		1AB077C828DC05B600660B41 /* DailyPlan.app */ = {isa = PBXFileReference; explicitFileType = wrapper.application; includeInIndex = 0; path = DailyPlan.app; sourceTree = BUILT_PRODUCTS_DIR; };
		1AB077CB28DC05B600660B41 /* AppDelegate.swift */ = {isa = PBXFileReference; lastKnownFileType = sourcecode.swift; path = AppDelegate.swift; sourceTree = "<group>"; };
		1AB077CD28DC05B600660B41 /* SceneDelegate.swift */ = {isa = PBXFileReference; lastKnownFileType = sourcecode.swift; path = SceneDelegate.swift; sourceTree = "<group>"; };
		1AB077D428DC05BB00660B41 /* Assets.xcassets */ = {isa = PBXFileReference; lastKnownFileType = folder.assetcatalog; path = Assets.xcassets; sourceTree = "<group>"; };
		1AB077D728DC05BB00660B41 /* Base */ = {isa = PBXFileReference; lastKnownFileType = file.storyboard; name = Base; path = Base.lproj/LaunchScreen.storyboard; sourceTree = "<group>"; };
		1AB077D928DC05BB00660B41 /* Info.plist */ = {isa = PBXFileReference; lastKnownFileType = text.plist.xml; path = Info.plist; sourceTree = "<group>"; };
		1AB077E028DC067800660B41 /* HomeViewController.swift */ = {isa = PBXFileReference; lastKnownFileType = sourcecode.swift; path = HomeViewController.swift; sourceTree = "<group>"; };
/* End PBXFileReference section */

/* Begin PBXFrameworksBuildPhase section */
		1AB077C528DC05B600660B41 /* Frameworks */ = {
			isa = PBXFrameworksBuildPhase;
			buildActionMask = 2147483647;
			files = (
				1AAD3D5B295DC2D80059B107 /* RealmSwift in Frameworks */,
				1AAD3D59295DC2D80059B107 /* Realm in Frameworks */,
			);
			runOnlyForDeploymentPostprocessing = 0;
		};
/* End PBXFrameworksBuildPhase section */

/* Begin PBXGroup section */
		1A95DD8E299A02CA00526975 /* Add */ = {
			isa = PBXGroup;
			children = (
				1A95DD91299A093900526975 /* AddTextField.swift */,
				1A95DD9329A200E700526975 /* LimitTextField.swift */,
				1A95DD9529A2039D00526975 /* LimitToolBar.swift */,
			);
			path = Add;
			sourceTree = "<group>";
		};
		1A95DD9D29A7B83200526975 /* Gestures */ = {
			isa = PBXGroup;
			children = (
				1A95DD9E29A7B90E00526975 /* HorizontalPanGestureRecognizer.swift */,
			);
			path = Gestures;
			sourceTree = "<group>";
		};
		1A9B3FBE2994EDE9009D5B6C /* Models */ = {
			isa = PBXGroup;
			children = (
				1A9B3FBF2994EE06009D5B6C /* Task.swift */,
			);
			path = Models;
			sourceTree = "<group>";
		};
		1AB01587290035E800F7413F /* Extensions */ = {
			isa = PBXGroup;
			children = (
				1AB015882900360600F7413F /* UIView-Extension.swift */,
				1A95DD9729A63CCC00526975 /* UIBarButtonItem-Extension.swift */,
				1A95DD9929A656E800526975 /* UIButton-Extension.swift */,
				1A95DD9B29A66C7100526975 /* UITextField-Extension.swift */,
				1A95DDA429ABE56900526975 /* Date-Extension.swift */,
				1A95DDA829B097A500526975 /* UITableView-Extension.swift */,
			);
			path = Extensions;
			sourceTree = "<group>";
		};
		1AB0158A291369BF00F7413F /* Views */ = {
			isa = PBXGroup;
			children = (
				1A95DD8E299A02CA00526975 /* Add */,
				1AB0158B291369D400F7413F /* Home */,
			);
			path = Views;
			sourceTree = "<group>";
		};
		1AB0158B291369D400F7413F /* Home */ = {
			isa = PBXGroup;
			children = (
				1AB0158E291373C700F7413F /* TaskTableViewCell.swift */,
				1A95DDA229AAC11D00526975 /* SwipeButton.swift */,
			);
			path = Home;
			sourceTree = "<group>";
		};
		1AB077BF28DC05B500660B41 = {
			isa = PBXGroup;
			children = (
				1AB077CA28DC05B600660B41 /* DailyPlan */,
				1AB077C928DC05B600660B41 /* Products */,
			);
			sourceTree = "<group>";
		};
		1AB077C928DC05B600660B41 /* Products */ = {
			isa = PBXGroup;
			children = (
				1AB077C828DC05B600660B41 /* DailyPlan.app */,
			);
			name = Products;
			sourceTree = "<group>";
		};
		1AB077CA28DC05B600660B41 /* DailyPlan */ = {
			isa = PBXGroup;
			children = (
				1A95DD9D29A7B83200526975 /* Gestures */,
				1A9B3FBE2994EDE9009D5B6C /* Models */,
				1AB0158A291369BF00F7413F /* Views */,
				1AB01587290035E800F7413F /* Extensions */,
				1AB077DF28DC066300660B41 /* ViewControllers */,
				1AB077CB28DC05B600660B41 /* AppDelegate.swift */,
				1AB077CD28DC05B600660B41 /* SceneDelegate.swift */,
				1AB077D428DC05BB00660B41 /* Assets.xcassets */,
				1AB077D628DC05BB00660B41 /* LaunchScreen.storyboard */,
				1AB077D928DC05BB00660B41 /* Info.plist */,
			);
			path = DailyPlan;
			sourceTree = "<group>";
		};
		1AB077DF28DC066300660B41 /* ViewControllers */ = {
			isa = PBXGroup;
			children = (
				1AB077E028DC067800660B41 /* HomeViewController.swift */,
				1A95DD8C2996496000526975 /* AddViewController.swift */,
			);
			path = ViewControllers;
			sourceTree = "<group>";
		};
/* End PBXGroup section */

/* Begin PBXNativeTarget section */
		1AB077C728DC05B600660B41 /* DailyPlan */ = {
			isa = PBXNativeTarget;
			buildConfigurationList = 1AB077DC28DC05BB00660B41 /* Build configuration list for PBXNativeTarget "DailyPlan" */;
			buildPhases = (
				1AB077C428DC05B600660B41 /* Sources */,
				1AB077C528DC05B600660B41 /* Frameworks */,
				1AB077C628DC05B600660B41 /* Resources */,
			);
			buildRules = (
			);
			dependencies = (
			);
			name = DailyPlan;
			packageProductDependencies = (
				1AAD3D58295DC2D80059B107 /* Realm */,
				1AAD3D5A295DC2D80059B107 /* RealmSwift */,
			);
			productName = DailyPlan;
			productReference = 1AB077C828DC05B600660B41 /* DailyPlan.app */;
			productType = "com.apple.product-type.application";
		};
/* End PBXNativeTarget section */

/* Begin PBXProject section */
		1AB077C028DC05B500660B41 /* Project object */ = {
			isa = PBXProject;
			attributes = {
				BuildIndependentTargetsInParallel = 1;
				LastSwiftUpdateCheck = 1330;
				LastUpgradeCheck = 1330;
				TargetAttributes = {
					1AB077C728DC05B600660B41 = {
						CreatedOnToolsVersion = 13.3.1;
					};
				};
			};
			buildConfigurationList = 1AB077C328DC05B500660B41 /* Build configuration list for PBXProject "DailyPlan" */;
			compatibilityVersion = "Xcode 13.0";
			developmentRegion = en;
			hasScannedForEncodings = 0;
			knownRegions = (
				en,
				Base,
			);
			mainGroup = 1AB077BF28DC05B500660B41;
			packageReferences = (
				1AAD3D57295DC2D70059B107 /* XCRemoteSwiftPackageReference "realm-swift" */,
			);
			productRefGroup = 1AB077C928DC05B600660B41 /* Products */;
			projectDirPath = "";
			projectRoot = "";
			targets = (
				1AB077C728DC05B600660B41 /* DailyPlan */,
			);
		};
/* End PBXProject section */

/* Begin PBXResourcesBuildPhase section */
		1AB077C628DC05B600660B41 /* Resources */ = {
			isa = PBXResourcesBuildPhase;
			buildActionMask = 2147483647;
			files = (
				1AB077D828DC05BB00660B41 /* LaunchScreen.storyboard in Resources */,
				1AB077D528DC05BB00660B41 /* Assets.xcassets in Resources */,
			);
			runOnlyForDeploymentPostprocessing = 0;
		};
/* End PBXResourcesBuildPhase section */

/* Begin PBXSourcesBuildPhase section */
		1AB077C428DC05B600660B41 /* Sources */ = {
			isa = PBXSourcesBuildPhase;
			buildActionMask = 2147483647;
			files = (
				1AB015892900360600F7413F /* UIView-Extension.swift in Sources */,
				1A95DD9F29A7B90E00526975 /* HorizontalPanGestureRecognizer.swift in Sources */,
				1A95DD9629A2039D00526975 /* LimitToolBar.swift in Sources */,
				1A95DD9829A63CCC00526975 /* UIBarButtonItem-Extension.swift in Sources */,
				1A95DDA929B097A500526975 /* UITableView-Extension.swift in Sources */,
				1A95DD9429A200E700526975 /* LimitTextField.swift in Sources */,
				1AB077CC28DC05B600660B41 /* AppDelegate.swift in Sources */,
				1A95DD9C29A66C7100526975 /* UITextField-Extension.swift in Sources */,
				1A95DDA529ABE56900526975 /* Date-Extension.swift in Sources */,
				1A95DD8D2996496000526975 /* AddViewController.swift in Sources */,
				1AB0158F291373C700F7413F /* TaskTableViewCell.swift in Sources */,
				1A95DD9A29A656E800526975 /* UIButton-Extension.swift in Sources */,
				1AB077CE28DC05B600660B41 /* SceneDelegate.swift in Sources */,
				1A9B3FC02994EE07009D5B6C /* Task.swift in Sources */,
				1AB077E128DC067800660B41 /* HomeViewController.swift in Sources */,
				1A95DDA329AAC11D00526975 /* SwipeButton.swift in Sources */,
				1A95DD92299A093900526975 /* AddTextField.swift in Sources */,
			);
			runOnlyForDeploymentPostprocessing = 0;
		};
/* End PBXSourcesBuildPhase section */

/* Begin PBXVariantGroup section */
		1AB077D628DC05BB00660B41 /* LaunchScreen.storyboard */ = {
			isa = PBXVariantGroup;
			children = (
				1AB077D728DC05BB00660B41 /* Base */,
			);
			name = LaunchScreen.storyboard;
			sourceTree = "<group>";
		};
/* End PBXVariantGroup section */

/* Begin XCBuildConfiguration section */
		1AB077DA28DC05BB00660B41 /* Debug */ = {
			isa = XCBuildConfiguration;
			buildSettings = {
				ALWAYS_SEARCH_USER_PATHS = NO;
				CLANG_ANALYZER_NONNULL = YES;
				CLANG_ANALYZER_NUMBER_OBJECT_CONVERSION = YES_AGGRESSIVE;
				CLANG_CXX_LANGUAGE_STANDARD = "gnu++17";
				CLANG_ENABLE_MODULES = YES;
				CLANG_ENABLE_OBJC_ARC = YES;
				CLANG_ENABLE_OBJC_WEAK = YES;
				CLANG_WARN_BLOCK_CAPTURE_AUTORELEASING = YES;
				CLANG_WARN_BOOL_CONVERSION = YES;
				CLANG_WARN_COMMA = YES;
				CLANG_WARN_CONSTANT_CONVERSION = YES;
				CLANG_WARN_DEPRECATED_OBJC_IMPLEMENTATIONS = YES;
				CLANG_WARN_DIRECT_OBJC_ISA_USAGE = YES_ERROR;
				CLANG_WARN_DOCUMENTATION_COMMENTS = YES;
				CLANG_WARN_EMPTY_BODY = YES;
				CLANG_WARN_ENUM_CONVERSION = YES;
				CLANG_WARN_INFINITE_RECURSION = YES;
				CLANG_WARN_INT_CONVERSION = YES;
				CLANG_WARN_NON_LITERAL_NULL_CONVERSION = YES;
				CLANG_WARN_OBJC_IMPLICIT_RETAIN_SELF = YES;
				CLANG_WARN_OBJC_LITERAL_CONVERSION = YES;
				CLANG_WARN_OBJC_ROOT_CLASS = YES_ERROR;
				CLANG_WARN_QUOTED_INCLUDE_IN_FRAMEWORK_HEADER = YES;
				CLANG_WARN_RANGE_LOOP_ANALYSIS = YES;
				CLANG_WARN_STRICT_PROTOTYPES = YES;
				CLANG_WARN_SUSPICIOUS_MOVE = YES;
				CLANG_WARN_UNGUARDED_AVAILABILITY = YES_AGGRESSIVE;
				CLANG_WARN_UNREACHABLE_CODE = YES;
				CLANG_WARN__DUPLICATE_METHOD_MATCH = YES;
				COPY_PHASE_STRIP = NO;
				DEBUG_INFORMATION_FORMAT = dwarf;
				ENABLE_STRICT_OBJC_MSGSEND = YES;
				ENABLE_TESTABILITY = YES;
				GCC_C_LANGUAGE_STANDARD = gnu11;
				GCC_DYNAMIC_NO_PIC = NO;
				GCC_NO_COMMON_BLOCKS = YES;
				GCC_OPTIMIZATION_LEVEL = 0;
				GCC_PREPROCESSOR_DEFINITIONS = (
					"DEBUG=1",
					"$(inherited)",
				);
				GCC_WARN_64_TO_32_BIT_CONVERSION = YES;
				GCC_WARN_ABOUT_RETURN_TYPE = YES_ERROR;
				GCC_WARN_UNDECLARED_SELECTOR = YES;
				GCC_WARN_UNINITIALIZED_AUTOS = YES_AGGRESSIVE;
				GCC_WARN_UNUSED_FUNCTION = YES;
				GCC_WARN_UNUSED_VARIABLE = YES;
				IPHONEOS_DEPLOYMENT_TARGET = 15.4;
				MTL_ENABLE_DEBUG_INFO = INCLUDE_SOURCE;
				MTL_FAST_MATH = YES;
				ONLY_ACTIVE_ARCH = YES;
				SDKROOT = iphoneos;
				SWIFT_ACTIVE_COMPILATION_CONDITIONS = DEBUG;
				SWIFT_OPTIMIZATION_LEVEL = "-Onone";
			};
			name = Debug;
		};
		1AB077DB28DC05BB00660B41 /* Release */ = {
			isa = XCBuildConfiguration;
			buildSettings = {
				ALWAYS_SEARCH_USER_PATHS = NO;
				CLANG_ANALYZER_NONNULL = YES;
				CLANG_ANALYZER_NUMBER_OBJECT_CONVERSION = YES_AGGRESSIVE;
				CLANG_CXX_LANGUAGE_STANDARD = "gnu++17";
				CLANG_ENABLE_MODULES = YES;
				CLANG_ENABLE_OBJC_ARC = YES;
				CLANG_ENABLE_OBJC_WEAK = YES;
				CLANG_WARN_BLOCK_CAPTURE_AUTORELEASING = YES;
				CLANG_WARN_BOOL_CONVERSION = YES;
				CLANG_WARN_COMMA = YES;
				CLANG_WARN_CONSTANT_CONVERSION = YES;
				CLANG_WARN_DEPRECATED_OBJC_IMPLEMENTATIONS = YES;
				CLANG_WARN_DIRECT_OBJC_ISA_USAGE = YES_ERROR;
				CLANG_WARN_DOCUMENTATION_COMMENTS = YES;
				CLANG_WARN_EMPTY_BODY = YES;
				CLANG_WARN_ENUM_CONVERSION = YES;
				CLANG_WARN_INFINITE_RECURSION = YES;
				CLANG_WARN_INT_CONVERSION = YES;
				CLANG_WARN_NON_LITERAL_NULL_CONVERSION = YES;
				CLANG_WARN_OBJC_IMPLICIT_RETAIN_SELF = YES;
				CLANG_WARN_OBJC_LITERAL_CONVERSION = YES;
				CLANG_WARN_OBJC_ROOT_CLASS = YES_ERROR;
				CLANG_WARN_QUOTED_INCLUDE_IN_FRAMEWORK_HEADER = YES;
				CLANG_WARN_RANGE_LOOP_ANALYSIS = YES;
				CLANG_WARN_STRICT_PROTOTYPES = YES;
				CLANG_WARN_SUSPICIOUS_MOVE = YES;
				CLANG_WARN_UNGUARDED_AVAILABILITY = YES_AGGRESSIVE;
				CLANG_WARN_UNREACHABLE_CODE = YES;
				CLANG_WARN__DUPLICATE_METHOD_MATCH = YES;
				COPY_PHASE_STRIP = NO;
				DEBUG_INFORMATION_FORMAT = "dwarf-with-dsym";
				ENABLE_NS_ASSERTIONS = NO;
				ENABLE_STRICT_OBJC_MSGSEND = YES;
				GCC_C_LANGUAGE_STANDARD = gnu11;
				GCC_NO_COMMON_BLOCKS = YES;
				GCC_WARN_64_TO_32_BIT_CONVERSION = YES;
				GCC_WARN_ABOUT_RETURN_TYPE = YES_ERROR;
				GCC_WARN_UNDECLARED_SELECTOR = YES;
				GCC_WARN_UNINITIALIZED_AUTOS = YES_AGGRESSIVE;
				GCC_WARN_UNUSED_FUNCTION = YES;
				GCC_WARN_UNUSED_VARIABLE = YES;
				IPHONEOS_DEPLOYMENT_TARGET = 15.4;
				MTL_ENABLE_DEBUG_INFO = NO;
				MTL_FAST_MATH = YES;
				SDKROOT = iphoneos;
				SWIFT_COMPILATION_MODE = wholemodule;
				SWIFT_OPTIMIZATION_LEVEL = "-O";
				VALIDATE_PRODUCT = YES;
			};
			name = Release;
		};
		1AB077DD28DC05BB00660B41 /* Debug */ = {
			isa = XCBuildConfiguration;
			buildSettings = {
				ASSETCATALOG_COMPILER_APPICON_NAME = AppIcon;
				ASSETCATALOG_COMPILER_GLOBAL_ACCENT_COLOR_NAME = AccentColor;
				CODE_SIGN_STYLE = Automatic;
				CURRENT_PROJECT_VERSION = 1.2;
				DEVELOPMENT_TEAM = MS9QNFCC9R;
				GENERATE_INFOPLIST_FILE = YES;
				INFOPLIST_FILE = DailyPlan/Info.plist;
				INFOPLIST_KEY_CFBundleDisplayName = "時間Todo";
				INFOPLIST_KEY_UIApplicationSupportsIndirectInputEvents = YES;
				INFOPLIST_KEY_UILaunchStoryboardName = LaunchScreen;
				INFOPLIST_KEY_UISupportedInterfaceOrientations_iPad = "UIInterfaceOrientationPortrait UIInterfaceOrientationPortraitUpsideDown UIInterfaceOrientationLandscapeLeft UIInterfaceOrientationLandscapeRight";
				INFOPLIST_KEY_UISupportedInterfaceOrientations_iPhone = UIInterfaceOrientationPortrait;
				INFOPLIST_KEY_UIUserInterfaceStyle = Light;
				LD_RUNPATH_SEARCH_PATHS = (
					"$(inherited)",
					"@executable_path/Frameworks",
				);
				MARKETING_VERSION = 1.2;
				PRODUCT_BUNDLE_IDENTIFIER = com.yusame.MinuteTodo;
				PRODUCT_NAME = "$(TARGET_NAME)";
				SWIFT_EMIT_LOC_STRINGS = YES;
				SWIFT_VERSION = 5.0;
				TARGETED_DEVICE_FAMILY = 1;
			};
			name = Debug;
		};
		1AB077DE28DC05BB00660B41 /* Release */ = {
			isa = XCBuildConfiguration;
			buildSettings = {
				ASSETCATALOG_COMPILER_APPICON_NAME = AppIcon;
				ASSETCATALOG_COMPILER_GLOBAL_ACCENT_COLOR_NAME = AccentColor;
				CODE_SIGN_STYLE = Automatic;
				CURRENT_PROJECT_VERSION = 1.2;
				DEVELOPMENT_TEAM = MS9QNFCC9R;
				GENERATE_INFOPLIST_FILE = YES;
				INFOPLIST_FILE = DailyPlan/Info.plist;
				INFOPLIST_KEY_CFBundleDisplayName = "時間Todo";
				INFOPLIST_KEY_UIApplicationSupportsIndirectInputEvents = YES;
				INFOPLIST_KEY_UILaunchStoryboardName = LaunchScreen;
				INFOPLIST_KEY_UISupportedInterfaceOrientations_iPad = "UIInterfaceOrientationPortrait UIInterfaceOrientationPortraitUpsideDown UIInterfaceOrientationLandscapeLeft UIInterfaceOrientationLandscapeRight";
				INFOPLIST_KEY_UISupportedInterfaceOrientations_iPhone = UIInterfaceOrientationPortrait;
				INFOPLIST_KEY_UIUserInterfaceStyle = Light;
				LD_RUNPATH_SEARCH_PATHS = (
					"$(inherited)",
					"@executable_path/Frameworks",
				);
				MARKETING_VERSION = 1.2;
				PRODUCT_BUNDLE_IDENTIFIER = com.yusame.MinuteTodo;
				PRODUCT_NAME = "$(TARGET_NAME)";
				SWIFT_EMIT_LOC_STRINGS = YES;
				SWIFT_VERSION = 5.0;
				TARGETED_DEVICE_FAMILY = 1;
			};
			name = Release;
		};
/* End XCBuildConfiguration section */

/* Begin XCConfigurationList section */
		1AB077C328DC05B500660B41 /* Build configuration list for PBXProject "DailyPlan" */ = {
			isa = XCConfigurationList;
			buildConfigurations = (
				1AB077DA28DC05BB00660B41 /* Debug */,
				1AB077DB28DC05BB00660B41 /* Release */,
			);
			defaultConfigurationIsVisible = 0;
			defaultConfigurationName = Release;
		};
		1AB077DC28DC05BB00660B41 /* Build configuration list for PBXNativeTarget "DailyPlan" */ = {
			isa = XCConfigurationList;
			buildConfigurations = (
				1AB077DD28DC05BB00660B41 /* Debug */,
				1AB077DE28DC05BB00660B41 /* Release */,
			);
			defaultConfigurationIsVisible = 0;
			defaultConfigurationName = Release;
		};
/* End XCConfigurationList section */

/* Begin XCRemoteSwiftPackageReference section */
		1AAD3D57295DC2D70059B107 /* XCRemoteSwiftPackageReference "realm-swift" */ = {
			isa = XCRemoteSwiftPackageReference;
			repositoryURL = "https://github.com/realm/realm-swift.git";
			requirement = {
				kind = upToNextMajorVersion;
				minimumVersion = 10.33.0;
			};
		};
/* End XCRemoteSwiftPackageReference section */

/* Begin XCSwiftPackageProductDependency section */
		1AAD3D58295DC2D80059B107 /* Realm */ = {
			isa = XCSwiftPackageProductDependency;
			package = 1AAD3D57295DC2D70059B107 /* XCRemoteSwiftPackageReference "realm-swift" */;
			productName = Realm;
		};
		1AAD3D5A295DC2D80059B107 /* RealmSwift */ = {
			isa = XCSwiftPackageProductDependency;
			package = 1AAD3D57295DC2D70059B107 /* XCRemoteSwiftPackageReference "realm-swift" */;
			productName = RealmSwift;
		};
/* End XCSwiftPackageProductDependency section */
	};
	rootObject = 1AB077C028DC05B500660B41 /* Project object */;
}
